
Microsoft Visual Studio Solution File, Format Version 12.00
# Visual Studio Version 16
VisualStudioVersion = 16.0.30413.136
MinimumVisualStudioVersion = 10.0.40219.1
Project("{9A19103F-16F7-4668-BE54-9A1E7A4F7556}") = "SispdChatClient.Core", "src\SispdChatClient.Core\SispdChatClient.Core.csproj", "{3C22EAE8-6D4A-4044-A70B-206D9CEC0650}"
EndProject
Project("{9A19103F-16F7-4668-BE54-9A1E7A4F7556}") = "SispdChatClient.UI", "src\SispdChatClient.UI\SispdChatClient.UI.csproj", "{D4AFF7DC-E8ED-424C-8654-2B5B43CBFA0F}"
EndProject
Project("{FAE04EC0-301F-11D3-BF4B-00C04F79EFBC}") = "SispdChatClient.Droid", "src\SispdChatClient.Droid\SispdChatClient.Droid.csproj", "{AAA45987-129D-4557-A768-CCFEF926676E}"
EndProject
Project("{FAE04EC0-301F-11D3-BF4B-00C04F79EFBC}") = "SispdChatClient.iOS", "src\SispdChatClient.iOS\SispdChatClient.iOS.csproj", "{EF205E50-A2A8-4D96-B321-7E47985C9A82}"
EndProject
Project("{FAE04EC0-301F-11D3-BF4B-00C04F79EFBC}") = "SispdChatClient.Service", "SispdChatClient.Service\SispdChatClient.Service.csproj", "{119F3F54-E65F-40BD-8729-C57004F93507}"
EndProject
Global
	GlobalSection(SolutionConfigurationPlatforms) = preSolution
		Debug|Any CPU = Debug|Any CPU
		Debug|ARM = Debug|ARM
		Debug|iPhone = Debug|iPhone
		Debug|iPhoneSimulator = Debug|iPhoneSimulator
		Debug|x64 = Debug|x64
		Debug|x86 = Debug|x86
		Release|Any CPU = Release|Any CPU
		Release|ARM = Release|ARM
		Release|iPhone = Release|iPhone
		Release|iPhoneSimulator = Release|iPhoneSimulator
		Release|x64 = Release|x64
		Release|x86 = Release|x86
	EndGlobalSection
	GlobalSection(ProjectConfigurationPlatforms) = postSolution
		{3C22EAE8-6D4A-4044-A70B-206D9CEC0650}.Debug|Any CPU.ActiveCfg = Debug|Any CPU
		{3C22EAE8-6D4A-4044-A70B-206D9CEC0650}.Debug|Any CPU.Build.0 = Debug|Any CPU
		{3C22EAE8-6D4A-4044-A70B-206D9CEC0650}.Debug|ARM.ActiveCfg = Debug|Any CPU
		{3C22EAE8-6D4A-4044-A70B-206D9CEC0650}.Debug|ARM.Build.0 = Debug|Any CPU
		{3C22EAE8-6D4A-4044-A70B-206D9CEC0650}.Debug|iPhone.ActiveCfg = Debug|Any CPU
		{3C22EAE8-6D4A-4044-A70B-206D9CEC0650}.Debug|iPhone.Build.0 = Debug|Any CPU
		{3C22EAE8-6D4A-4044-A70B-206D9CEC0650}.Debug|iPhoneSimulator.ActiveCfg = Debug|Any CPU
		{3C22EAE8-6D4A-4044-A70B-206D9CEC0650}.Debug|iPhoneSimulator.Build.0 = Debug|Any CPU
		{3C22EAE8-6D4A-4044-A70B-206D9CEC0650}.Debug|x64.ActiveCfg = Debug|Any CPU
		{3C22EAE8-6D4A-4044-A70B-206D9CEC0650}.Debug|x64.Build.0 = Debug|Any CPU
		{3C22EAE8-6D4A-4044-A70B-206D9CEC0650}.Debug|x86.ActiveCfg = Debug|Any CPU
		{3C22EAE8-6D4A-4044-A70B-206D9CEC0650}.Debug|x86.Build.0 = Debug|Any CPU
		{3C22EAE8-6D4A-4044-A70B-206D9CEC0650}.Release|Any CPU.ActiveCfg = Release|Any CPU
		{3C22EAE8-6D4A-4044-A70B-206D9CEC0650}.Release|Any CPU.Build.0 = Release|Any CPU
		{3C22EAE8-6D4A-4044-A70B-206D9CEC0650}.Release|ARM.ActiveCfg = Release|Any CPU
		{3C22EAE8-6D4A-4044-A70B-206D9CEC0650}.Release|ARM.Build.0 = Release|Any CPU
		{3C22EAE8-6D4A-4044-A70B-206D9CEC0650}.Release|iPhone.ActiveCfg = Release|Any CPU
		{3C22EAE8-6D4A-4044-A70B-206D9CEC0650}.Release|iPhone.Build.0 = Release|Any CPU
		{3C22EAE8-6D4A-4044-A70B-206D9CEC0650}.Release|iPhoneSimulator.ActiveCfg = Release|Any CPU
		{3C22EAE8-6D4A-4044-A70B-206D9CEC0650}.Release|iPhoneSimulator.Build.0 = Release|Any CPU
		{3C22EAE8-6D4A-4044-A70B-206D9CEC0650}.Release|x64.ActiveCfg = Release|Any CPU
		{3C22EAE8-6D4A-4044-A70B-206D9CEC0650}.Release|x64.Build.0 = Release|Any CPU
		{3C22EAE8-6D4A-4044-A70B-206D9CEC0650}.Release|x86.ActiveCfg = Release|Any CPU
		{3C22EAE8-6D4A-4044-A70B-206D9CEC0650}.Release|x86.Build.0 = Release|Any CPU
		{D4AFF7DC-E8ED-424C-8654-2B5B43CBFA0F}.Debug|Any CPU.ActiveCfg = Debug|Any CPU
		{D4AFF7DC-E8ED-424C-8654-2B5B43CBFA0F}.Debug|Any CPU.Build.0 = Debug|Any CPU
		{D4AFF7DC-E8ED-424C-8654-2B5B43CBFA0F}.Debug|ARM.ActiveCfg = Debug|Any CPU
		{D4AFF7DC-E8ED-424C-8654-2B5B43CBFA0F}.Debug|ARM.Build.0 = Debug|Any CPU
		{D4AFF7DC-E8ED-424C-8654-2B5B43CBFA0F}.Debug|iPhone.ActiveCfg = Debug|Any CPU
		{D4AFF7DC-E8ED-424C-8654-2B5B43CBFA0F}.Debug|iPhone.Build.0 = Debug|Any CPU
		{D4AFF7DC-E8ED-424C-8654-2B5B43CBFA0F}.Debug|iPhoneSimulator.ActiveCfg = Debug|Any CPU
		{D4AFF7DC-E8ED-424C-8654-2B5B43CBFA0F}.Debug|iPhoneSimulator.Build.0 = Debug|Any CPU
		{D4AFF7DC-E8ED-424C-8654-2B5B43CBFA0F}.Debug|x64.ActiveCfg = Debug|Any CPU
		{D4AFF7DC-E8ED-424C-8654-2B5B43CBFA0F}.Debug|x64.Build.0 = Debug|Any CPU
		{D4AFF7DC-E8ED-424C-8654-2B5B43CBFA0F}.Debug|x86.ActiveCfg = Debug|Any CPU
		{D4AFF7DC-E8ED-424C-8654-2B5B43CBFA0F}.Debug|x86.Build.0 = Debug|Any CPU
		{D4AFF7DC-E8ED-424C-8654-2B5B43CBFA0F}.Release|Any CPU.ActiveCfg = Release|Any CPU
		{D4AFF7DC-E8ED-424C-8654-2B5B43CBFA0F}.Release|Any CPU.Build.0 = Release|Any CPU
		{D4AFF7DC-E8ED-424C-8654-2B5B43CBFA0F}.Release|ARM.ActiveCfg = Release|Any CPU
		{D4AFF7DC-E8ED-424C-8654-2B5B43CBFA0F}.Release|ARM.Build.0 = Release|Any CPU
		{D4AFF7DC-E8ED-424C-8654-2B5B43CBFA0F}.Release|iPhone.ActiveCfg = Release|Any CPU
		{D4AFF7DC-E8ED-424C-8654-2B5B43CBFA0F}.Release|iPhone.Build.0 = Release|Any CPU
		{D4AFF7DC-E8ED-424C-8654-2B5B43CBFA0F}.Release|iPhoneSimulator.ActiveCfg = Release|Any CPU
		{D4AFF7DC-E8ED-424C-8654-2B5B43CBFA0F}.Release|iPhoneSimulator.Build.0 = Release|Any CPU
		{D4AFF7DC-E8ED-424C-8654-2B5B43CBFA0F}.Release|x64.ActiveCfg = Release|Any CPU
		{D4AFF7DC-E8ED-424C-8654-2B5B43CBFA0F}.Release|x64.Build.0 = Release|Any CPU
		{D4AFF7DC-E8ED-424C-8654-2B5B43CBFA0F}.Release|x86.ActiveCfg = Release|Any CPU
		{D4AFF7DC-E8ED-424C-8654-2B5B43CBFA0F}.Release|x86.Build.0 = Release|Any CPU
		{AAA45987-129D-4557-A768-CCFEF926676E}.Debug|Any CPU.ActiveCfg = Debug|Any CPU
		{AAA45987-129D-4557-A768-CCFEF926676E}.Debug|Any CPU.Build.0 = Debug|Any CPU
		{AAA45987-129D-4557-A768-CCFEF926676E}.Debug|Any CPU.Deploy.0 = Debug|Any CPU
		{AAA45987-129D-4557-A768-CCFEF926676E}.Debug|ARM.ActiveCfg = Debug|Any CPU
		{AAA45987-129D-4557-A768-CCFEF926676E}.Debug|ARM.Build.0 = Debug|Any CPU
		{AAA45987-129D-4557-A768-CCFEF926676E}.Debug|ARM.Deploy.0 = Debug|Any CPU
		{AAA45987-129D-4557-A768-CCFEF926676E}.Debug|iPhone.ActiveCfg = Debug|Any CPU
		{AAA45987-129D-4557-A768-CCFEF926676E}.Debug|iPhone.Build.0 = Debug|Any CPU
		{AAA45987-129D-4557-A768-CCFEF926676E}.Debug|iPhone.Deploy.0 = Debug|Any CPU
		{AAA45987-129D-4557-A768-CCFEF926676E}.Debug|iPhoneSimulator.ActiveCfg = Debug|Any CPU
		{AAA45987-129D-4557-A768-CCFEF926676E}.Debug|iPhoneSimulator.Build.0 = Debug|Any CPU
		{AAA45987-129D-4557-A768-CCFEF926676E}.Debug|iPhoneSimulator.Deploy.0 = Debug|Any CPU
		{AAA45987-129D-4557-A768-CCFEF926676E}.Debug|x64.ActiveCfg = Debug|Any CPU
		{AAA45987-129D-4557-A768-CCFEF926676E}.Debug|x64.Build.0 = Debug|Any CPU
		{AAA45987-129D-4557-A768-CCFEF926676E}.Debug|x64.Deploy.0 = Debug|Any CPU
		{AAA45987-129D-4557-A768-CCFEF926676E}.Debug|x86.ActiveCfg = Debug|Any CPU
		{AAA45987-129D-4557-A768-CCFEF926676E}.Debug|x86.Build.0 = Debug|Any CPU
		{AAA45987-129D-4557-A768-CCFEF926676E}.Debug|x86.Deploy.0 = Debug|Any CPU
		{AAA45987-129D-4557-A768-CCFEF926676E}.Release|Any CPU.ActiveCfg = Release|Any CPU
		{AAA45987-129D-4557-A768-CCFEF926676E}.Release|Any CPU.Build.0 = Release|Any CPU
		{AAA45987-129D-4557-A768-CCFEF926676E}.Release|Any CPU.Deploy.0 = Release|Any CPU
		{AAA45987-129D-4557-A768-CCFEF926676E}.Release|ARM.ActiveCfg = Release|Any CPU
		{AAA45987-129D-4557-A768-CCFEF926676E}.Release|ARM.Build.0 = Release|Any CPU
		{AAA45987-129D-4557-A768-CCFEF926676E}.Release|ARM.Deploy.0 = Release|Any CPU
		{AAA45987-129D-4557-A768-CCFEF926676E}.Release|iPhone.ActiveCfg = Release|Any CPU
		{AAA45987-129D-4557-A768-CCFEF926676E}.Release|iPhone.Build.0 = Release|Any CPU
		{AAA45987-129D-4557-A768-CCFEF926676E}.Release|iPhone.Deploy.0 = Release|Any CPU
		{AAA45987-129D-4557-A768-CCFEF926676E}.Release|iPhoneSimulator.ActiveCfg = Release|Any CPU
		{AAA45987-129D-4557-A768-CCFEF926676E}.Release|iPhoneSimulator.Build.0 = Release|Any CPU
		{AAA45987-129D-4557-A768-CCFEF926676E}.Release|iPhoneSimulator.Deploy.0 = Release|Any CPU
		{AAA45987-129D-4557-A768-CCFEF926676E}.Release|x64.ActiveCfg = Release|Any CPU
		{AAA45987-129D-4557-A768-CCFEF926676E}.Release|x64.Build.0 = Release|Any CPU
		{AAA45987-129D-4557-A768-CCFEF926676E}.Release|x64.Deploy.0 = Release|Any CPU
		{AAA45987-129D-4557-A768-CCFEF926676E}.Release|x86.ActiveCfg = Release|Any CPU
		{AAA45987-129D-4557-A768-CCFEF926676E}.Release|x86.Build.0 = Release|Any CPU
		{AAA45987-129D-4557-A768-CCFEF926676E}.Release|x86.Deploy.0 = Release|Any CPU
		{EF205E50-A2A8-4D96-B321-7E47985C9A82}.Debug|Any CPU.ActiveCfg = Debug|iPhone
		{EF205E50-A2A8-4D96-B321-7E47985C9A82}.Debug|Any CPU.Build.0 = Debug|iPhone
		{EF205E50-A2A8-4D96-B321-7E47985C9A82}.Debug|ARM.ActiveCfg = Debug|iPhone
		{EF205E50-A2A8-4D96-B321-7E47985C9A82}.Debug|iPhone.ActiveCfg = Debug|iPhone
		{EF205E50-A2A8-4D96-B321-7E47985C9A82}.Debug|iPhone.Build.0 = Debug|iPhone
		{EF205E50-A2A8-4D96-B321-7E47985C9A82}.Debug|iPhone.Deploy.0 = Debug|iPhone
		{EF205E50-A2A8-4D96-B321-7E47985C9A82}.Debug|iPhoneSimulator.ActiveCfg = Debug|iPhoneSimulator
		{EF205E50-A2A8-4D96-B321-7E47985C9A82}.Debug|iPhoneSimulator.Build.0 = Debug|iPhoneSimulator
		{EF205E50-A2A8-4D96-B321-7E47985C9A82}.Debug|iPhoneSimulator.Deploy.0 = Debug|iPhoneSimulator
		{EF205E50-A2A8-4D96-B321-7E47985C9A82}.Debug|x64.ActiveCfg = Debug|iPhone
		{EF205E50-A2A8-4D96-B321-7E47985C9A82}.Debug|x86.ActiveCfg = Debug|iPhone
		{EF205E50-A2A8-4D96-B321-7E47985C9A82}.Release|Any CPU.ActiveCfg = Release|iPhone
		{EF205E50-A2A8-4D96-B321-7E47985C9A82}.Release|ARM.ActiveCfg = Release|iPhone
		{EF205E50-A2A8-4D96-B321-7E47985C9A82}.Release|iPhone.ActiveCfg = Release|iPhone
		{EF205E50-A2A8-4D96-B321-7E47985C9A82}.Release|iPhone.Build.0 = Release|iPhone
		{EF205E50-A2A8-4D96-B321-7E47985C9A82}.Release|iPhone.Deploy.0 = Release|iPhone
		{EF205E50-A2A8-4D96-B321-7E47985C9A82}.Release|iPhoneSimulator.ActiveCfg = Release|iPhoneSimulator
		{EF205E50-A2A8-4D96-B321-7E47985C9A82}.Release|iPhoneSimulator.Build.0 = Release|iPhoneSimulator
		{EF205E50-A2A8-4D96-B321-7E47985C9A82}.Release|iPhoneSimulator.Deploy.0 = Release|iPhoneSimulator
		{EF205E50-A2A8-4D96-B321-7E47985C9A82}.Release|x64.ActiveCfg = Release|iPhone
		{EF205E50-A2A8-4D96-B321-7E47985C9A82}.Release|x86.ActiveCfg = Release|iPhone
		{119F3F54-E65F-40BD-8729-C57004F93507}.Debug|Any CPU.ActiveCfg = Debug|Any CPU
		{119F3F54-E65F-40BD-8729-C57004F93507}.Debug|Any CPU.Build.0 = Debug|Any CPU
		{119F3F54-E65F-40BD-8729-C57004F93507}.Debug|ARM.ActiveCfg = Debug|Any CPU
		{119F3F54-E65F-40BD-8729-C57004F93507}.Debug|ARM.Build.0 = Debug|Any CPU
		{119F3F54-E65F-40BD-8729-C57004F93507}.Debug|iPhone.ActiveCfg = Debug|Any CPU
		{119F3F54-E65F-40BD-8729-C57004F93507}.Debug|iPhone.Build.0 = Debug|Any CPU
		{119F3F54-E65F-40BD-8729-C57004F93507}.Debug|iPhoneSimulator.ActiveCfg = Debug|Any CPU
		{119F3F54-E65F-40BD-8729-C57004F93507}.Debug|iPhoneSimulator.Build.0 = Debug|Any CPU
		{119F3F54-E65F-40BD-8729-C57004F93507}.Debug|x64.ActiveCfg = Debug|Any CPU
		{119F3F54-E65F-40BD-8729-C57004F93507}.Debug|x64.Build.0 = Debug|Any CPU
		{119F3F54-E65F-40BD-8729-C57004F93507}.Debug|x86.ActiveCfg = Debug|Any CPU
		{119F3F54-E65F-40BD-8729-C57004F93507}.Debug|x86.Build.0 = Debug|Any CPU
		{119F3F54-E65F-40BD-8729-C57004F93507}.Release|Any CPU.ActiveCfg = Release|Any CPU
		{119F3F54-E65F-40BD-8729-C57004F93507}.Release|Any CPU.Build.0 = Release|Any CPU
		{119F3F54-E65F-40BD-8729-C57004F93507}.Release|ARM.ActiveCfg = Release|Any CPU
		{119F3F54-E65F-40BD-8729-C57004F93507}.Release|ARM.Build.0 = Release|Any CPU
		{119F3F54-E65F-40BD-8729-C57004F93507}.Release|iPhone.ActiveCfg = Release|Any CPU
		{119F3F54-E65F-40BD-8729-C57004F93507}.Release|iPhone.Build.0 = Release|Any CPU
		{119F3F54-E65F-40BD-8729-C57004F93507}.Release|iPhoneSimulator.ActiveCfg = Release|Any CPU
		{119F3F54-E65F-40BD-8729-C57004F93507}.Release|iPhoneSimulator.Build.0 = Release|Any CPU
		{119F3F54-E65F-40BD-8729-C57004F93507}.Release|x64.ActiveCfg = Release|Any CPU
		{119F3F54-E65F-40BD-8729-C57004F93507}.Release|x64.Build.0 = Release|Any CPU
		{119F3F54-E65F-40BD-8729-C57004F93507}.Release|x86.ActiveCfg = Release|Any CPU
		{119F3F54-E65F-40BD-8729-C57004F93507}.Release|x86.Build.0 = Release|Any CPU
	EndGlobalSection
	GlobalSection(SolutionProperties) = preSolution
		HideSolutionNode = FALSE
	EndGlobalSection
	GlobalSection(ExtensibilityGlobals) = postSolution
		SolutionGuid = {B045F81D-A308-4B15-9668-72748522ED67}
	EndGlobalSection
EndGlobal
